
Microsoft Visual Studio Solution File, Format Version 12.00
# Visual Studio Version 16
VisualStudioVersion = 16.0.30406.217
MinimumVisualStudioVersion = 10.0.40219.1
Project("{FAE04EC0-301F-11D3-BF4B-00C04F79EFBC}") = "Algoholic", "Algoholic\Algoholic.csproj", "{66908D81-ED81-4A9E-8219-CCF0D0FECBD9}"
EndProject
Project("{FAE04EC0-301F-11D3-BF4B-00C04F79EFBC}") = "Algoholic.Sorts", "Algoholic.Sorts\Algoholic.Sorts.csproj", "{EA8ACDAB-700F-4691-8A1B-0BFC221BF6C1}"
EndProject
Global
	GlobalSection(SolutionConfigurationPlatforms) = preSolution
		Debug|Any CPU = Debug|Any CPU
		Release|Any CPU = Release|Any CPU
	EndGlobalSection
	GlobalSection(ProjectConfigurationPlatforms) = postSolution
		{66908D81-ED81-4A9E-8219-CCF0D0FECBD9}.Debug|Any CPU.ActiveCfg = Debug|Any CPU
		{66908D81-ED81-4A9E-8219-CCF0D0FECBD9}.Debug|Any CPU.Build.0 = Debug|Any CPU
		{66908D81-ED81-4A9E-8219-CCF0D0FECBD9}.Release|Any CPU.ActiveCfg = Release|Any CPU
		{66908D81-ED81-4A9E-8219-CCF0D0FECBD9}.Release|Any CPU.Build.0 = Release|Any CPU
		{EA8ACDAB-700F-4691-8A1B-0BFC221BF6C1}.Debug|Any CPU.ActiveCfg = Debug|Any CPU
		{EA8ACDAB-700F-4691-8A1B-0BFC221BF6C1}.Debug|Any CPU.Build.0 = Debug|Any CPU
		{EA8ACDAB-700F-4691-8A1B-0BFC221BF6C1}.Release|Any CPU.ActiveCfg = Release|Any CPU
		{EA8ACDAB-700F-4691-8A1B-0BFC221BF6C1}.Release|Any CPU.Build.0 = Release|Any CPU
	EndGlobalSection
	GlobalSection(SolutionProperties) = preSolution
		HideSolutionNode = FALSE
	EndGlobalSection
	GlobalSection(ExtensibilityGlobals) = postSolution
		SolutionGuid = {BC44E6E9-9BA2-46A6-83BC-4CB6085A0D01}
	EndGlobalSection
EndGlobal
